
Microsoft Visual Studio Solution File, Format Version 12.00
# Visual Studio 14
VisualStudioVersion = 14.0.24720.0
MinimumVisualStudioVersion = 10.0.40219.1
Project("{FAE04EC0-301F-11D3-BF4B-00C04F79EFBC}") = "FFXIVDeviare", "FFXIVDeviare\FFXIVDeviare.csproj", "{FA4C5402-1FA9-4089-8FD7-2202E7857D88}"
	ProjectSection(ProjectDependencies) = postProject
		{DC14F50B-1758-4649-964F-CED7820975A2} = {DC14F50B-1758-4649-964F-CED7820975A2}
	EndProjectSection
EndProject
Project("{8BC9CEB8-8B4A-11D0-8D11-00A0C91BC942}") = "FFXIV_dll", "FFXIV_dll\FFXIV_dll.vcxproj", "{DC14F50B-1758-4649-964F-CED7820975A2}"
EndProject
Project("{FAE04EC0-301F-11D3-BF4B-00C04F79EFBC}") = "FFXIVDeviare.Packets", "FFXIVDeviare.Packets.Subpackets\FFXIVDeviare.Packets.csproj", "{A0E943EA-37FB-4458-A10D-9F13087ADA4F}"
EndProject
Project("{FAE04EC0-301F-11D3-BF4B-00C04F79EFBC}") = "DevTool", "DevTool\DevTool.csproj", "{2FEA2B1F-ED17-4C27-AE95-673E28E90669}"
EndProject
Project("{FAE04EC0-301F-11D3-BF4B-00C04F79EFBC}") = "SaintCoinach", "SaintCoinach\SaintCoinach.csproj", "{8A7D65EB-3DE3-4631-B286-CC73A3126002}"
	ProjectSection(ProjectDependencies) = postProject
		{BF32DE1B-6276-4341-B212-F8862ADBBA7A} = {BF32DE1B-6276-4341-B212-F8862ADBBA7A}
	EndProjectSection
EndProject
Project("{FAE04EC0-301F-11D3-BF4B-00C04F79EFBC}") = "YamlDotNet", "YamlDotNet\YamlDotNet.csproj", "{BF32DE1B-6276-4341-B212-F8862ADBBA7A}"
EndProject
Project("{FAE04EC0-301F-11D3-BF4B-00C04F79EFBC}") = "DotSquish", "DotSquish\DotSquish.csproj", "{F9681545-4BEA-4FD3-9AB9-A67BD37AB36D}"
EndProject
Project("{FAE04EC0-301F-11D3-BF4B-00C04F79EFBC}") = "SummoningBell", "SummoningBell\SummoningBell.csproj", "{FAD81EBC-D718-44AC-9876-136739A9F3EB}"
EndProject
Global
	GlobalSection(SolutionConfigurationPlatforms) = preSolution
		Debug|Any CPU = Debug|Any CPU
		Debug|ARM = Debug|ARM
		Debug|x64 = Debug|x64
		Debug|x86 = Debug|x86
		Release|Any CPU = Release|Any CPU
		Release|ARM = Release|ARM
		Release|x64 = Release|x64
		Release|x86 = Release|x86
		Release-Unsigned|Any CPU = Release-Unsigned|Any CPU
		Release-Unsigned|ARM = Release-Unsigned|ARM
		Release-Unsigned|x64 = Release-Unsigned|x64
		Release-Unsigned|x86 = Release-Unsigned|x86
	EndGlobalSection
	GlobalSection(ProjectConfigurationPlatforms) = postSolution
		{FA4C5402-1FA9-4089-8FD7-2202E7857D88}.Debug|Any CPU.ActiveCfg = Debug|Any CPU
		{FA4C5402-1FA9-4089-8FD7-2202E7857D88}.Debug|Any CPU.Build.0 = Debug|Any CPU
		{FA4C5402-1FA9-4089-8FD7-2202E7857D88}.Debug|ARM.ActiveCfg = Debug|Any CPU
		{FA4C5402-1FA9-4089-8FD7-2202E7857D88}.Debug|ARM.Build.0 = Debug|Any CPU
		{FA4C5402-1FA9-4089-8FD7-2202E7857D88}.Debug|x64.ActiveCfg = Debug|Any CPU
		{FA4C5402-1FA9-4089-8FD7-2202E7857D88}.Debug|x64.Build.0 = Debug|Any CPU
		{FA4C5402-1FA9-4089-8FD7-2202E7857D88}.Debug|x86.ActiveCfg = Debug|Any CPU
		{FA4C5402-1FA9-4089-8FD7-2202E7857D88}.Debug|x86.Build.0 = Debug|Any CPU
		{FA4C5402-1FA9-4089-8FD7-2202E7857D88}.Release|Any CPU.ActiveCfg = Release|Any CPU
		{FA4C5402-1FA9-4089-8FD7-2202E7857D88}.Release|Any CPU.Build.0 = Release|Any CPU
		{FA4C5402-1FA9-4089-8FD7-2202E7857D88}.Release|ARM.ActiveCfg = Release|Any CPU
		{FA4C5402-1FA9-4089-8FD7-2202E7857D88}.Release|ARM.Build.0 = Release|Any CPU
		{FA4C5402-1FA9-4089-8FD7-2202E7857D88}.Release|x64.ActiveCfg = Release|Any CPU
		{FA4C5402-1FA9-4089-8FD7-2202E7857D88}.Release|x64.Build.0 = Release|Any CPU
		{FA4C5402-1FA9-4089-8FD7-2202E7857D88}.Release|x86.ActiveCfg = Release|Any CPU
		{FA4C5402-1FA9-4089-8FD7-2202E7857D88}.Release|x86.Build.0 = Release|Any CPU
		{FA4C5402-1FA9-4089-8FD7-2202E7857D88}.Release-Unsigned|Any CPU.ActiveCfg = Release|Any CPU
		{FA4C5402-1FA9-4089-8FD7-2202E7857D88}.Release-Unsigned|Any CPU.Build.0 = Release|Any CPU
		{FA4C5402-1FA9-4089-8FD7-2202E7857D88}.Release-Unsigned|ARM.ActiveCfg = Release|Any CPU
		{FA4C5402-1FA9-4089-8FD7-2202E7857D88}.Release-Unsigned|ARM.Build.0 = Release|Any CPU
		{FA4C5402-1FA9-4089-8FD7-2202E7857D88}.Release-Unsigned|x64.ActiveCfg = Release|Any CPU
		{FA4C5402-1FA9-4089-8FD7-2202E7857D88}.Release-Unsigned|x64.Build.0 = Release|Any CPU
		{FA4C5402-1FA9-4089-8FD7-2202E7857D88}.Release-Unsigned|x86.ActiveCfg = Release|Any CPU
		{FA4C5402-1FA9-4089-8FD7-2202E7857D88}.Release-Unsigned|x86.Build.0 = Release|Any CPU
		{DC14F50B-1758-4649-964F-CED7820975A2}.Debug|Any CPU.ActiveCfg = Debug|Win32
		{DC14F50B-1758-4649-964F-CED7820975A2}.Debug|Any CPU.Build.0 = Debug|Win32
		{DC14F50B-1758-4649-964F-CED7820975A2}.Debug|ARM.ActiveCfg = Debug|Win32
		{DC14F50B-1758-4649-964F-CED7820975A2}.Debug|x64.ActiveCfg = Debug|x64
		{DC14F50B-1758-4649-964F-CED7820975A2}.Debug|x64.Build.0 = Debug|x64
		{DC14F50B-1758-4649-964F-CED7820975A2}.Debug|x86.ActiveCfg = Debug|Win32
		{DC14F50B-1758-4649-964F-CED7820975A2}.Debug|x86.Build.0 = Debug|Win32
		{DC14F50B-1758-4649-964F-CED7820975A2}.Release|Any CPU.ActiveCfg = Release|Win32
		{DC14F50B-1758-4649-964F-CED7820975A2}.Release|ARM.ActiveCfg = Release|Win32
		{DC14F50B-1758-4649-964F-CED7820975A2}.Release|x64.ActiveCfg = Release|x64
		{DC14F50B-1758-4649-964F-CED7820975A2}.Release|x64.Build.0 = Release|x64
		{DC14F50B-1758-4649-964F-CED7820975A2}.Release|x86.ActiveCfg = Release|Win32
		{DC14F50B-1758-4649-964F-CED7820975A2}.Release|x86.Build.0 = Release|Win32
		{DC14F50B-1758-4649-964F-CED7820975A2}.Release-Unsigned|Any CPU.ActiveCfg = Release|x64
		{DC14F50B-1758-4649-964F-CED7820975A2}.Release-Unsigned|Any CPU.Build.0 = Release|x64
		{DC14F50B-1758-4649-964F-CED7820975A2}.Release-Unsigned|ARM.ActiveCfg = Release|x64
		{DC14F50B-1758-4649-964F-CED7820975A2}.Release-Unsigned|ARM.Build.0 = Release|x64
		{DC14F50B-1758-4649-964F-CED7820975A2}.Release-Unsigned|x64.ActiveCfg = Release|x64
		{DC14F50B-1758-4649-964F-CED7820975A2}.Release-Unsigned|x64.Build.0 = Release|x64
		{DC14F50B-1758-4649-964F-CED7820975A2}.Release-Unsigned|x86.ActiveCfg = Release|Win32
		{DC14F50B-1758-4649-964F-CED7820975A2}.Release-Unsigned|x86.Build.0 = Release|Win32
		{A0E943EA-37FB-4458-A10D-9F13087ADA4F}.Debug|Any CPU.ActiveCfg = Debug|Any CPU
		{A0E943EA-37FB-4458-A10D-9F13087ADA4F}.Debug|Any CPU.Build.0 = Debug|Any CPU
		{A0E943EA-37FB-4458-A10D-9F13087ADA4F}.Debug|ARM.ActiveCfg = Debug|Any CPU
		{A0E943EA-37FB-4458-A10D-9F13087ADA4F}.Debug|ARM.Build.0 = Debug|Any CPU
		{A0E943EA-37FB-4458-A10D-9F13087ADA4F}.Debug|x64.ActiveCfg = Debug|Any CPU
		{A0E943EA-37FB-4458-A10D-9F13087ADA4F}.Debug|x64.Build.0 = Debug|Any CPU
		{A0E943EA-37FB-4458-A10D-9F13087ADA4F}.Debug|x86.ActiveCfg = Debug|Any CPU
		{A0E943EA-37FB-4458-A10D-9F13087ADA4F}.Debug|x86.Build.0 = Debug|Any CPU
		{A0E943EA-37FB-4458-A10D-9F13087ADA4F}.Release|Any CPU.ActiveCfg = Release|Any CPU
		{A0E943EA-37FB-4458-A10D-9F13087ADA4F}.Release|Any CPU.Build.0 = Release|Any CPU
		{A0E943EA-37FB-4458-A10D-9F13087ADA4F}.Release|ARM.ActiveCfg = Release|Any CPU
		{A0E943EA-37FB-4458-A10D-9F13087ADA4F}.Release|ARM.Build.0 = Release|Any CPU
		{A0E943EA-37FB-4458-A10D-9F13087ADA4F}.Release|x64.ActiveCfg = Release|Any CPU
		{A0E943EA-37FB-4458-A10D-9F13087ADA4F}.Release|x64.Build.0 = Release|Any CPU
		{A0E943EA-37FB-4458-A10D-9F13087ADA4F}.Release|x86.ActiveCfg = Release|Any CPU
		{A0E943EA-37FB-4458-A10D-9F13087ADA4F}.Release|x86.Build.0 = Release|Any CPU
		{A0E943EA-37FB-4458-A10D-9F13087ADA4F}.Release-Unsigned|Any CPU.ActiveCfg = Release|Any CPU
		{A0E943EA-37FB-4458-A10D-9F13087ADA4F}.Release-Unsigned|Any CPU.Build.0 = Release|Any CPU
		{A0E943EA-37FB-4458-A10D-9F13087ADA4F}.Release-Unsigned|ARM.ActiveCfg = Release|Any CPU
		{A0E943EA-37FB-4458-A10D-9F13087ADA4F}.Release-Unsigned|ARM.Build.0 = Release|Any CPU
		{A0E943EA-37FB-4458-A10D-9F13087ADA4F}.Release-Unsigned|x64.ActiveCfg = Release|Any CPU
		{A0E943EA-37FB-4458-A10D-9F13087ADA4F}.Release-Unsigned|x64.Build.0 = Release|Any CPU
		{A0E943EA-37FB-4458-A10D-9F13087ADA4F}.Release-Unsigned|x86.ActiveCfg = Release|Any CPU
		{A0E943EA-37FB-4458-A10D-9F13087ADA4F}.Release-Unsigned|x86.Build.0 = Release|Any CPU
		{2FEA2B1F-ED17-4C27-AE95-673E28E90669}.Debug|Any CPU.ActiveCfg = Debug|Any CPU
		{2FEA2B1F-ED17-4C27-AE95-673E28E90669}.Debug|Any CPU.Build.0 = Debug|Any CPU
		{2FEA2B1F-ED17-4C27-AE95-673E28E90669}.Debug|ARM.ActiveCfg = Debug|Any CPU
		{2FEA2B1F-ED17-4C27-AE95-673E28E90669}.Debug|ARM.Build.0 = Debug|Any CPU
		{2FEA2B1F-ED17-4C27-AE95-673E28E90669}.Debug|x64.ActiveCfg = Debug|Any CPU
		{2FEA2B1F-ED17-4C27-AE95-673E28E90669}.Debug|x64.Build.0 = Debug|Any CPU
		{2FEA2B1F-ED17-4C27-AE95-673E28E90669}.Debug|x86.ActiveCfg = Debug|Any CPU
		{2FEA2B1F-ED17-4C27-AE95-673E28E90669}.Debug|x86.Build.0 = Debug|Any CPU
		{2FEA2B1F-ED17-4C27-AE95-673E28E90669}.Release|Any CPU.ActiveCfg = Release|Any CPU
		{2FEA2B1F-ED17-4C27-AE95-673E28E90669}.Release|Any CPU.Build.0 = Release|Any CPU
		{2FEA2B1F-ED17-4C27-AE95-673E28E90669}.Release|ARM.ActiveCfg = Release|Any CPU
		{2FEA2B1F-ED17-4C27-AE95-673E28E90669}.Release|ARM.Build.0 = Release|Any CPU
		{2FEA2B1F-ED17-4C27-AE95-673E28E90669}.Release|x64.ActiveCfg = Release|Any CPU
		{2FEA2B1F-ED17-4C27-AE95-673E28E90669}.Release|x64.Build.0 = Release|Any CPU
		{2FEA2B1F-ED17-4C27-AE95-673E28E90669}.Release|x86.ActiveCfg = Release|Any CPU
		{2FEA2B1F-ED17-4C27-AE95-673E28E90669}.Release|x86.Build.0 = Release|Any CPU
		{2FEA2B1F-ED17-4C27-AE95-673E28E90669}.Release-Unsigned|Any CPU.ActiveCfg = Release|Any CPU
		{2FEA2B1F-ED17-4C27-AE95-673E28E90669}.Release-Unsigned|Any CPU.Build.0 = Release|Any CPU
		{2FEA2B1F-ED17-4C27-AE95-673E28E90669}.Release-Unsigned|ARM.ActiveCfg = Release|Any CPU
		{2FEA2B1F-ED17-4C27-AE95-673E28E90669}.Release-Unsigned|ARM.Build.0 = Release|Any CPU
		{2FEA2B1F-ED17-4C27-AE95-673E28E90669}.Release-Unsigned|x64.ActiveCfg = Release|Any CPU
		{2FEA2B1F-ED17-4C27-AE95-673E28E90669}.Release-Unsigned|x64.Build.0 = Release|Any CPU
		{2FEA2B1F-ED17-4C27-AE95-673E28E90669}.Release-Unsigned|x86.ActiveCfg = Release|Any CPU
		{2FEA2B1F-ED17-4C27-AE95-673E28E90669}.Release-Unsigned|x86.Build.0 = Release|Any CPU
		{8A7D65EB-3DE3-4631-B286-CC73A3126002}.Debug|Any CPU.ActiveCfg = Debug|Any CPU
		{8A7D65EB-3DE3-4631-B286-CC73A3126002}.Debug|Any CPU.Build.0 = Debug|Any CPU
		{8A7D65EB-3DE3-4631-B286-CC73A3126002}.Debug|ARM.ActiveCfg = Debug|Any CPU
		{8A7D65EB-3DE3-4631-B286-CC73A3126002}.Debug|ARM.Build.0 = Debug|Any CPU
		{8A7D65EB-3DE3-4631-B286-CC73A3126002}.Debug|x64.ActiveCfg = Debug|Any CPU
		{8A7D65EB-3DE3-4631-B286-CC73A3126002}.Debug|x64.Build.0 = Debug|Any CPU
		{8A7D65EB-3DE3-4631-B286-CC73A3126002}.Debug|x86.ActiveCfg = Debug|Any CPU
		{8A7D65EB-3DE3-4631-B286-CC73A3126002}.Debug|x86.Build.0 = Debug|Any CPU
		{8A7D65EB-3DE3-4631-B286-CC73A3126002}.Release|Any CPU.ActiveCfg = Release|Any CPU
		{8A7D65EB-3DE3-4631-B286-CC73A3126002}.Release|Any CPU.Build.0 = Release|Any CPU
		{8A7D65EB-3DE3-4631-B286-CC73A3126002}.Release|ARM.ActiveCfg = Release|Any CPU
		{8A7D65EB-3DE3-4631-B286-CC73A3126002}.Release|ARM.Build.0 = Release|Any CPU
		{8A7D65EB-3DE3-4631-B286-CC73A3126002}.Release|x64.ActiveCfg = Release|Any CPU
		{8A7D65EB-3DE3-4631-B286-CC73A3126002}.Release|x64.Build.0 = Release|Any CPU
		{8A7D65EB-3DE3-4631-B286-CC73A3126002}.Release|x86.ActiveCfg = Release|Any CPU
		{8A7D65EB-3DE3-4631-B286-CC73A3126002}.Release|x86.Build.0 = Release|Any CPU
		{8A7D65EB-3DE3-4631-B286-CC73A3126002}.Release-Unsigned|Any CPU.ActiveCfg = Release|Any CPU
		{8A7D65EB-3DE3-4631-B286-CC73A3126002}.Release-Unsigned|Any CPU.Build.0 = Release|Any CPU
		{8A7D65EB-3DE3-4631-B286-CC73A3126002}.Release-Unsigned|ARM.ActiveCfg = Release|Any CPU
		{8A7D65EB-3DE3-4631-B286-CC73A3126002}.Release-Unsigned|ARM.Build.0 = Release|Any CPU
		{8A7D65EB-3DE3-4631-B286-CC73A3126002}.Release-Unsigned|x64.ActiveCfg = Release|Any CPU
		{8A7D65EB-3DE3-4631-B286-CC73A3126002}.Release-Unsigned|x64.Build.0 = Release|Any CPU
		{8A7D65EB-3DE3-4631-B286-CC73A3126002}.Release-Unsigned|x86.ActiveCfg = Release|Any CPU
		{8A7D65EB-3DE3-4631-B286-CC73A3126002}.Release-Unsigned|x86.Build.0 = Release|Any CPU
		{BF32DE1B-6276-4341-B212-F8862ADBBA7A}.Debug|Any CPU.ActiveCfg = Debug|Any CPU
		{BF32DE1B-6276-4341-B212-F8862ADBBA7A}.Debug|Any CPU.Build.0 = Debug|Any CPU
		{BF32DE1B-6276-4341-B212-F8862ADBBA7A}.Debug|ARM.ActiveCfg = Debug|Any CPU
		{BF32DE1B-6276-4341-B212-F8862ADBBA7A}.Debug|ARM.Build.0 = Debug|Any CPU
		{BF32DE1B-6276-4341-B212-F8862ADBBA7A}.Debug|x64.ActiveCfg = Debug|Any CPU
		{BF32DE1B-6276-4341-B212-F8862ADBBA7A}.Debug|x64.Build.0 = Debug|Any CPU
		{BF32DE1B-6276-4341-B212-F8862ADBBA7A}.Debug|x86.ActiveCfg = Debug|Any CPU
		{BF32DE1B-6276-4341-B212-F8862ADBBA7A}.Debug|x86.Build.0 = Debug|Any CPU
		{BF32DE1B-6276-4341-B212-F8862ADBBA7A}.Release|Any CPU.ActiveCfg = Release-Unsigned|Any CPU
		{BF32DE1B-6276-4341-B212-F8862ADBBA7A}.Release|Any CPU.Build.0 = Release-Unsigned|Any CPU
		{BF32DE1B-6276-4341-B212-F8862ADBBA7A}.Release|ARM.ActiveCfg = Release-Unsigned|Any CPU
		{BF32DE1B-6276-4341-B212-F8862ADBBA7A}.Release|ARM.Build.0 = Release-Unsigned|Any CPU
		{BF32DE1B-6276-4341-B212-F8862ADBBA7A}.Release|x64.ActiveCfg = Release-Unsigned|Any CPU
		{BF32DE1B-6276-4341-B212-F8862ADBBA7A}.Release|x64.Build.0 = Release-Unsigned|Any CPU
		{BF32DE1B-6276-4341-B212-F8862ADBBA7A}.Release|x86.ActiveCfg = Release-Unsigned|Any CPU
		{BF32DE1B-6276-4341-B212-F8862ADBBA7A}.Release|x86.Build.0 = Release-Unsigned|Any CPU
		{BF32DE1B-6276-4341-B212-F8862ADBBA7A}.Release-Unsigned|Any CPU.ActiveCfg = Release-Unsigned|Any CPU
		{BF32DE1B-6276-4341-B212-F8862ADBBA7A}.Release-Unsigned|Any CPU.Build.0 = Release-Unsigned|Any CPU
		{BF32DE1B-6276-4341-B212-F8862ADBBA7A}.Release-Unsigned|ARM.ActiveCfg = Release-Unsigned|Any CPU
		{BF32DE1B-6276-4341-B212-F8862ADBBA7A}.Release-Unsigned|ARM.Build.0 = Release-Unsigned|Any CPU
		{BF32DE1B-6276-4341-B212-F8862ADBBA7A}.Release-Unsigned|x64.ActiveCfg = Release-Unsigned|Any CPU
		{BF32DE1B-6276-4341-B212-F8862ADBBA7A}.Release-Unsigned|x64.Build.0 = Release-Unsigned|Any CPU
		{BF32DE1B-6276-4341-B212-F8862ADBBA7A}.Release-Unsigned|x86.ActiveCfg = Release-Unsigned|Any CPU
		{BF32DE1B-6276-4341-B212-F8862ADBBA7A}.Release-Unsigned|x86.Build.0 = Release-Unsigned|Any CPU
		{F9681545-4BEA-4FD3-9AB9-A67BD37AB36D}.Debug|Any CPU.ActiveCfg = Debug|Any CPU
		{F9681545-4BEA-4FD3-9AB9-A67BD37AB36D}.Debug|Any CPU.Build.0 = Debug|Any CPU
		{F9681545-4BEA-4FD3-9AB9-A67BD37AB36D}.Debug|ARM.ActiveCfg = Debug|Any CPU
		{F9681545-4BEA-4FD3-9AB9-A67BD37AB36D}.Debug|ARM.Build.0 = Debug|Any CPU
		{F9681545-4BEA-4FD3-9AB9-A67BD37AB36D}.Debug|x64.ActiveCfg = Debug|Any CPU
		{F9681545-4BEA-4FD3-9AB9-A67BD37AB36D}.Debug|x64.Build.0 = Debug|Any CPU
		{F9681545-4BEA-4FD3-9AB9-A67BD37AB36D}.Debug|x86.ActiveCfg = Debug|Any CPU
		{F9681545-4BEA-4FD3-9AB9-A67BD37AB36D}.Debug|x86.Build.0 = Debug|Any CPU
		{F9681545-4BEA-4FD3-9AB9-A67BD37AB36D}.Release|Any CPU.ActiveCfg = Release|Any CPU
		{F9681545-4BEA-4FD3-9AB9-A67BD37AB36D}.Release|Any CPU.Build.0 = Release|Any CPU
		{F9681545-4BEA-4FD3-9AB9-A67BD37AB36D}.Release|ARM.ActiveCfg = Release|Any CPU
		{F9681545-4BEA-4FD3-9AB9-A67BD37AB36D}.Release|ARM.Build.0 = Release|Any CPU
		{F9681545-4BEA-4FD3-9AB9-A67BD37AB36D}.Release|x64.ActiveCfg = Release|Any CPU
		{F9681545-4BEA-4FD3-9AB9-A67BD37AB36D}.Release|x64.Build.0 = Release|Any CPU
		{F9681545-4BEA-4FD3-9AB9-A67BD37AB36D}.Release|x86.ActiveCfg = Release|Any CPU
		{F9681545-4BEA-4FD3-9AB9-A67BD37AB36D}.Release|x86.Build.0 = Release|Any CPU
		{F9681545-4BEA-4FD3-9AB9-A67BD37AB36D}.Release-Unsigned|Any CPU.ActiveCfg = Release|Any CPU
		{F9681545-4BEA-4FD3-9AB9-A67BD37AB36D}.Release-Unsigned|Any CPU.Build.0 = Release|Any CPU
		{F9681545-4BEA-4FD3-9AB9-A67BD37AB36D}.Release-Unsigned|ARM.ActiveCfg = Release|Any CPU
		{F9681545-4BEA-4FD3-9AB9-A67BD37AB36D}.Release-Unsigned|ARM.Build.0 = Release|Any CPU
		{F9681545-4BEA-4FD3-9AB9-A67BD37AB36D}.Release-Unsigned|x64.ActiveCfg = Release|Any CPU
		{F9681545-4BEA-4FD3-9AB9-A67BD37AB36D}.Release-Unsigned|x64.Build.0 = Release|Any CPU
		{F9681545-4BEA-4FD3-9AB9-A67BD37AB36D}.Release-Unsigned|x86.ActiveCfg = Release|Any CPU
		{F9681545-4BEA-4FD3-9AB9-A67BD37AB36D}.Release-Unsigned|x86.Build.0 = Release|Any CPU
		{FAD81EBC-D718-44AC-9876-136739A9F3EB}.Debug|Any CPU.ActiveCfg = Debug|Any CPU
		{FAD81EBC-D718-44AC-9876-136739A9F3EB}.Debug|Any CPU.Build.0 = Debug|Any CPU
		{FAD81EBC-D718-44AC-9876-136739A9F3EB}.Debug|ARM.ActiveCfg = Debug|Any CPU
		{FAD81EBC-D718-44AC-9876-136739A9F3EB}.Debug|ARM.Build.0 = Debug|Any CPU
		{FAD81EBC-D718-44AC-9876-136739A9F3EB}.Debug|x64.ActiveCfg = Debug|Any CPU
		{FAD81EBC-D718-44AC-9876-136739A9F3EB}.Debug|x64.Build.0 = Debug|Any CPU
		{FAD81EBC-D718-44AC-9876-136739A9F3EB}.Debug|x86.ActiveCfg = Debug|Any CPU
		{FAD81EBC-D718-44AC-9876-136739A9F3EB}.Debug|x86.Build.0 = Debug|Any CPU
		{FAD81EBC-D718-44AC-9876-136739A9F3EB}.Release|Any CPU.ActiveCfg = Release|Any CPU
		{FAD81EBC-D718-44AC-9876-136739A9F3EB}.Release|Any CPU.Build.0 = Release|Any CPU
		{FAD81EBC-D718-44AC-9876-136739A9F3EB}.Release|ARM.ActiveCfg = Release|Any CPU
		{FAD81EBC-D718-44AC-9876-136739A9F3EB}.Release|ARM.Build.0 = Release|Any CPU
		{FAD81EBC-D718-44AC-9876-136739A9F3EB}.Release|x64.ActiveCfg = Release|Any CPU
		{FAD81EBC-D718-44AC-9876-136739A9F3EB}.Release|x64.Build.0 = Release|Any CPU
		{FAD81EBC-D718-44AC-9876-136739A9F3EB}.Release|x86.ActiveCfg = Release|Any CPU
		{FAD81EBC-D718-44AC-9876-136739A9F3EB}.Release|x86.Build.0 = Release|Any CPU
		{FAD81EBC-D718-44AC-9876-136739A9F3EB}.Release-Unsigned|Any CPU.ActiveCfg = Release|Any CPU
		{FAD81EBC-D718-44AC-9876-136739A9F3EB}.Release-Unsigned|Any CPU.Build.0 = Release|Any CPU
		{FAD81EBC-D718-44AC-9876-136739A9F3EB}.Release-Unsigned|ARM.ActiveCfg = Release|Any CPU
		{FAD81EBC-D718-44AC-9876-136739A9F3EB}.Release-Unsigned|ARM.Build.0 = Release|Any CPU
		{FAD81EBC-D718-44AC-9876-136739A9F3EB}.Release-Unsigned|x64.ActiveCfg = Release|Any CPU
		{FAD81EBC-D718-44AC-9876-136739A9F3EB}.Release-Unsigned|x64.Build.0 = Release|Any CPU
		{FAD81EBC-D718-44AC-9876-136739A9F3EB}.Release-Unsigned|x86.ActiveCfg = Release|Any CPU
		{FAD81EBC-D718-44AC-9876-136739A9F3EB}.Release-Unsigned|x86.Build.0 = Release|Any CPU
	EndGlobalSection
	GlobalSection(SolutionProperties) = preSolution
		HideSolutionNode = FALSE
	EndGlobalSection
EndGlobal
